
Microsoft Visual Studio Solution File, Format Version 12.00
# Visual Studio 15
VisualStudioVersion = 15.0.28307.705
MinimumVisualStudioVersion = 10.0.40219.1
Project("{FAE04EC0-301F-11D3-BF4B-00C04F79EFBC}") = "SlideShowImage", "SlideShowImage\SlideShowImage.csproj", "{9ADEC64D-2CCD-4B8A-B73E-51F16192A2EE}"
EndProject
Global
	GlobalSection(SolutionConfigurationPlatforms) = preSolution
		Debug|Any CPU = Debug|Any CPU
		Release|Any CPU = Release|Any CPU
	EndGlobalSection
	GlobalSection(ProjectConfigurationPlatforms) = postSolution
		{9ADEC64D-2CCD-4B8A-B73E-51F16192A2EE}.Debug|Any CPU.ActiveCfg = Debug|Any CPU
		{9ADEC64D-2CCD-4B8A-B73E-51F16192A2EE}.Debug|Any CPU.Build.0 = Debug|Any CPU
		{9ADEC64D-2CCD-4B8A-B73E-51F16192A2EE}.Release|Any CPU.ActiveCfg = Release|Any CPU
		{9ADEC64D-2CCD-4B8A-B73E-51F16192A2EE}.Release|Any CPU.Build.0 = Release|Any CPU
	EndGlobalSection
	GlobalSection(SolutionProperties) = preSolution
		HideSolutionNode = FALSE
	EndGlobalSection
	GlobalSection(ExtensibilityGlobals) = postSolution
		SolutionGuid = {F797C1BA-706F-4D73-B7B0-C43CD5D875EA}
	EndGlobalSection
EndGlobal
